
Microsoft Visual Studio Solution File, Format Version 12.00
# Visual Studio for Mac
Project("{FAE04EC0-301F-11D3-BF4B-00C04F79EFBC}") = "Assembly-CSharp", "Assembly-CSharp.csproj", "{59854BA4-F230-8D80-8F77-221D41145640}"
EndProject
Project("{FAE04EC0-301F-11D3-BF4B-00C04F79EFBC}") = "Assembly-CSharp-Editor", "Assembly-CSharp-Editor.csproj", "{D66A3B00-C77E-C443-20DD-53324A3DB245}"
EndProject
Global
	GlobalSection(SolutionConfigurationPlatforms) = preSolution
		Debug|Any CPU = Debug|Any CPU
		Release|Any CPU = Release|Any CPU
	EndGlobalSection
	GlobalSection(ProjectConfigurationPlatforms) = postSolution
		{59854BA4-F230-8D80-8F77-221D41145640}.Debug|Any CPU.ActiveCfg = Debug|Any CPU
		{59854BA4-F230-8D80-8F77-221D41145640}.Debug|Any CPU.Build.0 = Debug|Any CPU
		{59854BA4-F230-8D80-8F77-221D41145640}.Release|Any CPU.ActiveCfg = Release|Any CPU
		{59854BA4-F230-8D80-8F77-221D41145640}.Release|Any CPU.Build.0 = Release|Any CPU
		{D66A3B00-C77E-C443-20DD-53324A3DB245}.Debug|Any CPU.ActiveCfg = Debug|Any CPU
		{D66A3B00-C77E-C443-20DD-53324A3DB245}.Debug|Any CPU.Build.0 = Debug|Any CPU
		{D66A3B00-C77E-C443-20DD-53324A3DB245}.Release|Any CPU.ActiveCfg = Release|Any CPU
		{D66A3B00-C77E-C443-20DD-53324A3DB245}.Release|Any CPU.Build.0 = Release|Any CPU
	EndGlobalSection
	GlobalSection(SolutionProperties) = preSolution
		HideSolutionNode = FALSE
	EndGlobalSection
EndGlobal
